
Microsoft Visual Studio Solution File, Format Version 12.00
# Visual Studio Version 16
VisualStudioVersion = 25.0.1705.3
MinimumVisualStudioVersion = 10.0.40219.1
Project("{FAE04EC0-301F-11D3-BF4B-00C04F79EFBC}") = "multipart-transfer", "multipart-transfer.csproj", "{F7CFB3F9-8FEF-4CA1-ABB0-A3F9B06D7813}"
EndProject
Project("{FAE04EC0-301F-11D3-BF4B-00C04F79EFBC}") = "Aws-helpers", "..\Aws-helpers\Aws-helpers.csproj", "{DEF0F8F7-B4C4-4D00-B899-FC35FF8FD4B9}"
EndProject
Global
	GlobalSection(SolutionConfigurationPlatforms) = preSolution
		Debug|Any CPU = Debug|Any CPU
		Release|Any CPU = Release|Any CPU
	EndGlobalSection
	GlobalSection(ProjectConfigurationPlatforms) = postSolution
		{F7CFB3F9-8FEF-4CA1-ABB0-A3F9B06D7813}.Debug|Any CPU.ActiveCfg = Debug|Any CPU
		{F7CFB3F9-8FEF-4CA1-ABB0-A3F9B06D7813}.Debug|Any CPU.Build.0 = Debug|Any CPU
		{F7CFB3F9-8FEF-4CA1-ABB0-A3F9B06D7813}.Release|Any CPU.ActiveCfg = Release|Any CPU
		{F7CFB3F9-8FEF-4CA1-ABB0-A3F9B06D7813}.Release|Any CPU.Build.0 = Release|Any CPU
		{DEF0F8F7-B4C4-4D00-B899-FC35FF8FD4B9}.Debug|Any CPU.ActiveCfg = Debug|Any CPU
		{DEF0F8F7-B4C4-4D00-B899-FC35FF8FD4B9}.Debug|Any CPU.Build.0 = Debug|Any CPU
		{DEF0F8F7-B4C4-4D00-B899-FC35FF8FD4B9}.Release|Any CPU.ActiveCfg = Release|Any CPU
		{DEF0F8F7-B4C4-4D00-B899-FC35FF8FD4B9}.Release|Any CPU.Build.0 = Release|Any CPU
	EndGlobalSection
	GlobalSection(SolutionProperties) = preSolution
		HideSolutionNode = FALSE
	EndGlobalSection
	GlobalSection(ExtensibilityGlobals) = postSolution
		SolutionGuid = {AA908513-B9D5-4F44-ACA6-5C577DA60A94}
	EndGlobalSection
EndGlobal
